// !$*UTF8*$!
{
	archiveVersion = 1;
	classes = {
	};
	objectVersion = 56;
	objects = {

/* Begin PBXBuildFile section */
		CD24B5B6297F7D210030259A /* AppDelegate.swift in Sources */ = {isa = PBXBuildFile; fileRef = CD24B5B5297F7D210030259A /* AppDelegate.swift */; };
		CD24B5BF297F7D230030259A /* Assets.xcassets in Resources */ = {isa = PBXBuildFile; fileRef = CD24B5BE297F7D230030259A /* Assets.xcassets */; };
		CD24B5CC297F7EA80030259A /* MainViewController.swift in Sources */ = {isa = PBXBuildFile; fileRef = CD24B5CB297F7EA80030259A /* MainViewController.swift */; };
		CD24B5D1297F89200030259A /* Digimon.swift in Sources */ = {isa = PBXBuildFile; fileRef = CD24B5D0297F89200030259A /* Digimon.swift */; };
		CDF99D602984554000F96828 /* LaunchScreen.storyboard in Resources */ = {isa = PBXBuildFile; fileRef = CDF99D5F2984554000F96828 /* LaunchScreen.storyboard */; };
		CDF99D6229845AE800F96828 /* DigimonTableViewCell.swift in Sources */ = {isa = PBXBuildFile; fileRef = CDF99D6129845AE800F96828 /* DigimonTableViewCell.swift */; };
		CDF99D642984885600F96828 /* NetworkManager.swift in Sources */ = {isa = PBXBuildFile; fileRef = CDF99D632984885600F96828 /* NetworkManager.swift */; };
		CDF99D682984B51400F96828 /* DataManager.swift in Sources */ = {isa = PBXBuildFile; fileRef = CDF99D672984B51400F96828 /* DataManager.swift */; };
/* End PBXBuildFile section */

/* Begin PBXFileReference section */
		CD24B5B2297F7D210030259A /* DigimonPedia.app */ = {isa = PBXFileReference; explicitFileType = wrapper.application; includeInIndex = 0; path = DigimonPedia.app; sourceTree = BUILT_PRODUCTS_DIR; };
		CD24B5B5297F7D210030259A /* AppDelegate.swift */ = {isa = PBXFileReference; lastKnownFileType = sourcecode.swift; path = AppDelegate.swift; sourceTree = "<group>"; };
		CD24B5BE297F7D230030259A /* Assets.xcassets */ = {isa = PBXFileReference; lastKnownFileType = folder.assetcatalog; path = Assets.xcassets; sourceTree = "<group>"; };
		CD24B5C3297F7D230030259A /* Info.plist */ = {isa = PBXFileReference; lastKnownFileType = text.plist.xml; path = Info.plist; sourceTree = "<group>"; };
		CD24B5CB297F7EA80030259A /* MainViewController.swift */ = {isa = PBXFileReference; lastKnownFileType = sourcecode.swift; path = MainViewController.swift; sourceTree = "<group>"; };
		CD24B5D0297F89200030259A /* Digimon.swift */ = {isa = PBXFileReference; lastKnownFileType = sourcecode.swift; path = Digimon.swift; sourceTree = "<group>"; };
		CDF99D5F2984554000F96828 /* LaunchScreen.storyboard */ = {isa = PBXFileReference; lastKnownFileType = file.storyboard; path = LaunchScreen.storyboard; sourceTree = "<group>"; };
		CDF99D6129845AE800F96828 /* DigimonTableViewCell.swift */ = {isa = PBXFileReference; lastKnownFileType = sourcecode.swift; path = DigimonTableViewCell.swift; sourceTree = "<group>"; };
		CDF99D632984885600F96828 /* NetworkManager.swift */ = {isa = PBXFileReference; lastKnownFileType = sourcecode.swift; path = NetworkManager.swift; sourceTree = "<group>"; };
		CDF99D672984B51400F96828 /* DataManager.swift */ = {isa = PBXFileReference; lastKnownFileType = sourcecode.swift; path = DataManager.swift; sourceTree = "<group>"; };
/* End PBXFileReference section */

/* Begin PBXFrameworksBuildPhase section */
		CD24B5AF297F7D210030259A /* Frameworks */ = {
			isa = PBXFrameworksBuildPhase;
			buildActionMask = 2147483647;
			files = (
			);
			runOnlyForDeploymentPostprocessing = 0;
		};
/* End PBXFrameworksBuildPhase section */

/* Begin PBXGroup section */
		CD24B5A9297F7D210030259A = {
			isa = PBXGroup;
			children = (
				CD24B5B4297F7D210030259A /* DigimonPedia */,
				CD24B5B3297F7D210030259A /* Products */,
			);
			sourceTree = "<group>";
		};
		CD24B5B3297F7D210030259A /* Products */ = {
			isa = PBXGroup;
			children = (
				CD24B5B2297F7D210030259A /* DigimonPedia.app */,
			);
			name = Products;
			sourceTree = "<group>";
		};
		CD24B5B4297F7D210030259A /* DigimonPedia */ = {
			isa = PBXGroup;
			children = (
				CD24B5CA297F7E210030259A /* Model */,
				CD24B5CF297F82420030259A /* Resources */,
				CDF99D652984B4AB00F96828 /* Services */,
				CD24B5CD297F80D70030259A /* SupportingFiles */,
				CD24B5CE297F822B0030259A /* View */,
			);
			path = DigimonPedia;
			sourceTree = "<group>";
		};
		CD24B5C9297F7DD00030259A /* Network */ = {
			isa = PBXGroup;
			children = (
				CDF99D632984885600F96828 /* NetworkManager.swift */,
			);
			path = Network;
			sourceTree = "<group>";
		};
		CD24B5CA297F7E210030259A /* Model */ = {
			isa = PBXGroup;
			children = (
				CD24B5D0297F89200030259A /* Digimon.swift */,
			);
			path = Model;
			sourceTree = "<group>";
		};
		CD24B5CD297F80D70030259A /* SupportingFiles */ = {
			isa = PBXGroup;
			children = (
				CD24B5C3297F7D230030259A /* Info.plist */,
				CD24B5B5297F7D210030259A /* AppDelegate.swift */,
				CDF99D5F2984554000F96828 /* LaunchScreen.storyboard */,
			);
			path = SupportingFiles;
			sourceTree = "<group>";
		};
		CD24B5CE297F822B0030259A /* View */ = {
			isa = PBXGroup;
			children = (
				CD24B5CB297F7EA80030259A /* MainViewController.swift */,
				CDF99D6129845AE800F96828 /* DigimonTableViewCell.swift */,
			);
			path = View;
			sourceTree = "<group>";
		};
		CD24B5CF297F82420030259A /* Resources */ = {
			isa = PBXGroup;
			children = (
				CD24B5BE297F7D230030259A /* Assets.xcassets */,
			);
			path = Resources;
			sourceTree = "<group>";
		};
		CDF99D652984B4AB00F96828 /* Services */ = {
			isa = PBXGroup;
			children = (
				CDF99D662984B4CB00F96828 /* Data */,
				CD24B5C9297F7DD00030259A /* Network */,
			);
			path = Services;
			sourceTree = "<group>";
		};
		CDF99D662984B4CB00F96828 /* Data */ = {
			isa = PBXGroup;
			children = (
				CDF99D672984B51400F96828 /* DataManager.swift */,
			);
			path = Data;
			sourceTree = "<group>";
		};
/* End PBXGroup section */

/* Begin PBXNativeTarget section */
		CD24B5B1297F7D210030259A /* DigimonPedia */ = {
			isa = PBXNativeTarget;
			buildConfigurationList = CD24B5C6297F7D230030259A /* Build configuration list for PBXNativeTarget "DigimonPedia" */;
			buildPhases = (
				CD24B5AE297F7D210030259A /* Sources */,
				CD24B5AF297F7D210030259A /* Frameworks */,
				CD24B5B0297F7D210030259A /* Resources */,
			);
			buildRules = (
			);
			dependencies = (
			);
			name = DigimonPedia;
			productName = DigimonPedia;
			productReference = CD24B5B2297F7D210030259A /* DigimonPedia.app */;
			productType = "com.apple.product-type.application";
		};
/* End PBXNativeTarget section */

/* Begin PBXProject section */
		CD24B5AA297F7D210030259A /* Project object */ = {
			isa = PBXProject;
			attributes = {
				BuildIndependentTargetsInParallel = 1;
				LastSwiftUpdateCheck = 1420;
				LastUpgradeCheck = 1420;
				TargetAttributes = {
					CD24B5B1297F7D210030259A = {
						CreatedOnToolsVersion = 14.2;
					};
				};
			};
			buildConfigurationList = CD24B5AD297F7D210030259A /* Build configuration list for PBXProject "DigimonPedia" */;
			compatibilityVersion = "Xcode 14.0";
			developmentRegion = en;
			hasScannedForEncodings = 0;
			knownRegions = (
				en,
				Base,
			);
			mainGroup = CD24B5A9297F7D210030259A;
			productRefGroup = CD24B5B3297F7D210030259A /* Products */;
			projectDirPath = "";
			projectRoot = "";
			targets = (
				CD24B5B1297F7D210030259A /* DigimonPedia */,
			);
		};
/* End PBXProject section */

/* Begin PBXResourcesBuildPhase section */
		CD24B5B0297F7D210030259A /* Resources */ = {
			isa = PBXResourcesBuildPhase;
			buildActionMask = 2147483647;
			files = (
				CDF99D602984554000F96828 /* LaunchScreen.storyboard in Resources */,
				CD24B5BF297F7D230030259A /* Assets.xcassets in Resources */,
			);
			runOnlyForDeploymentPostprocessing = 0;
		};
/* End PBXResourcesBuildPhase section */

/* Begin PBXSourcesBuildPhase section */
		CD24B5AE297F7D210030259A /* Sources */ = {
			isa = PBXSourcesBuildPhase;
			buildActionMask = 2147483647;
			files = (
				CD24B5B6297F7D210030259A /* AppDelegate.swift in Sources */,
				CDF99D682984B51400F96828 /* DataManager.swift in Sources */,
				CD24B5CC297F7EA80030259A /* MainViewController.swift in Sources */,
				CDF99D642984885600F96828 /* NetworkManager.swift in Sources */,
				CD24B5D1297F89200030259A /* Digimon.swift in Sources */,
				CDF99D6229845AE800F96828 /* DigimonTableViewCell.swift in Sources */,
			);
			runOnlyForDeploymentPostprocessing = 0;
		};
/* End PBXSourcesBuildPhase section */

/* Begin XCBuildConfiguration section */
		CD24B5C4297F7D230030259A /* Debug */ = {
			isa = XCBuildConfiguration;
			buildSettings = {
				ALWAYS_SEARCH_USER_PATHS = NO;
				CLANG_ANALYZER_NONNULL = YES;
				CLANG_ANALYZER_NUMBER_OBJECT_CONVERSION = YES_AGGRESSIVE;
				CLANG_CXX_LANGUAGE_STANDARD = "gnu++20";
				CLANG_ENABLE_MODULES = YES;
				CLANG_ENABLE_OBJC_ARC = YES;
				CLANG_ENABLE_OBJC_WEAK = YES;
				CLANG_WARN_BLOCK_CAPTURE_AUTORELEASING = YES;
				CLANG_WARN_BOOL_CONVERSION = YES;
				CLANG_WARN_COMMA = YES;
				CLANG_WARN_CONSTANT_CONVERSION = YES;
				CLANG_WARN_DEPRECATED_OBJC_IMPLEMENTATIONS = YES;
				CLANG_WARN_DIRECT_OBJC_ISA_USAGE = YES_ERROR;
				CLANG_WARN_DOCUMENTATION_COMMENTS = YES;
				CLANG_WARN_EMPTY_BODY = YES;
				CLANG_WARN_ENUM_CONVERSION = YES;
				CLANG_WARN_INFINITE_RECURSION = YES;
				CLANG_WARN_INT_CONVERSION = YES;
				CLANG_WARN_NON_LITERAL_NULL_CONVERSION = YES;
				CLANG_WARN_OBJC_IMPLICIT_RETAIN_SELF = YES;
				CLANG_WARN_OBJC_LITERAL_CONVERSION = YES;
				CLANG_WARN_OBJC_ROOT_CLASS = YES_ERROR;
				CLANG_WARN_QUOTED_INCLUDE_IN_FRAMEWORK_HEADER = YES;
				CLANG_WARN_RANGE_LOOP_ANALYSIS = YES;
				CLANG_WARN_STRICT_PROTOTYPES = YES;
				CLANG_WARN_SUSPICIOUS_MOVE = YES;
				CLANG_WARN_UNGUARDED_AVAILABILITY = YES_AGGRESSIVE;
				CLANG_WARN_UNREACHABLE_CODE = YES;
				CLANG_WARN__DUPLICATE_METHOD_MATCH = YES;
				COPY_PHASE_STRIP = NO;
				DEBUG_INFORMATION_FORMAT = dwarf;
				ENABLE_STRICT_OBJC_MSGSEND = YES;
				ENABLE_TESTABILITY = YES;
				GCC_C_LANGUAGE_STANDARD = gnu11;
				GCC_DYNAMIC_NO_PIC = NO;
				GCC_NO_COMMON_BLOCKS = YES;
				GCC_OPTIMIZATION_LEVEL = 0;
				GCC_PREPROCESSOR_DEFINITIONS = (
					"DEBUG=1",
					"$(inherited)",
				);
				GCC_WARN_64_TO_32_BIT_CONVERSION = YES;
				GCC_WARN_ABOUT_RETURN_TYPE = YES_ERROR;
				GCC_WARN_UNDECLARED_SELECTOR = YES;
				GCC_WARN_UNINITIALIZED_AUTOS = YES_AGGRESSIVE;
				GCC_WARN_UNUSED_FUNCTION = YES;
				GCC_WARN_UNUSED_VARIABLE = YES;
				IPHONEOS_DEPLOYMENT_TARGET = 16.2;
				MTL_ENABLE_DEBUG_INFO = INCLUDE_SOURCE;
				MTL_FAST_MATH = YES;
				ONLY_ACTIVE_ARCH = YES;
				SDKROOT = iphoneos;
				SWIFT_ACTIVE_COMPILATION_CONDITIONS = DEBUG;
				SWIFT_OPTIMIZATION_LEVEL = "-Onone";
			};
			name = Debug;
		};
		CD24B5C5297F7D230030259A /* Release */ = {
			isa = XCBuildConfiguration;
			buildSettings = {
				ALWAYS_SEARCH_USER_PATHS = NO;
				CLANG_ANALYZER_NONNULL = YES;
				CLANG_ANALYZER_NUMBER_OBJECT_CONVERSION = YES_AGGRESSIVE;
				CLANG_CXX_LANGUAGE_STANDARD = "gnu++20";
				CLANG_ENABLE_MODULES = YES;
				CLANG_ENABLE_OBJC_ARC = YES;
				CLANG_ENABLE_OBJC_WEAK = YES;
				CLANG_WARN_BLOCK_CAPTURE_AUTORELEASING = YES;
				CLANG_WARN_BOOL_CONVERSION = YES;
				CLANG_WARN_COMMA = YES;
				CLANG_WARN_CONSTANT_CONVERSION = YES;
				CLANG_WARN_DEPRECATED_OBJC_IMPLEMENTATIONS = YES;
				CLANG_WARN_DIRECT_OBJC_ISA_USAGE = YES_ERROR;
				CLANG_WARN_DOCUMENTATION_COMMENTS = YES;
				CLANG_WARN_EMPTY_BODY = YES;
				CLANG_WARN_ENUM_CONVERSION = YES;
				CLANG_WARN_INFINITE_RECURSION = YES;
				CLANG_WARN_INT_CONVERSION = YES;
				CLANG_WARN_NON_LITERAL_NULL_CONVERSION = YES;
				CLANG_WARN_OBJC_IMPLICIT_RETAIN_SELF = YES;
				CLANG_WARN_OBJC_LITERAL_CONVERSION = YES;
				CLANG_WARN_OBJC_ROOT_CLASS = YES_ERROR;
				CLANG_WARN_QUOTED_INCLUDE_IN_FRAMEWORK_HEADER = YES;
				CLANG_WARN_RANGE_LOOP_ANALYSIS = YES;
				CLANG_WARN_STRICT_PROTOTYPES = YES;
				CLANG_WARN_SUSPICIOUS_MOVE = YES;
				CLANG_WARN_UNGUARDED_AVAILABILITY = YES_AGGRESSIVE;
				CLANG_WARN_UNREACHABLE_CODE = YES;
				CLANG_WARN__DUPLICATE_METHOD_MATCH = YES;
				COPY_PHASE_STRIP = NO;
				DEBUG_INFORMATION_FORMAT = "dwarf-with-dsym";
				ENABLE_NS_ASSERTIONS = NO;
				ENABLE_STRICT_OBJC_MSGSEND = YES;
				GCC_C_LANGUAGE_STANDARD = gnu11;
				GCC_NO_COMMON_BLOCKS = YES;
				GCC_WARN_64_TO_32_BIT_CONVERSION = YES;
				GCC_WARN_ABOUT_RETURN_TYPE = YES_ERROR;
				GCC_WARN_UNDECLARED_SELECTOR = YES;
				GCC_WARN_UNINITIALIZED_AUTOS = YES_AGGRESSIVE;
				GCC_WARN_UNUSED_FUNCTION = YES;
				GCC_WARN_UNUSED_VARIABLE = YES;
				IPHONEOS_DEPLOYMENT_TARGET = 16.2;
				MTL_ENABLE_DEBUG_INFO = NO;
				MTL_FAST_MATH = YES;
				SDKROOT = iphoneos;
				SWIFT_COMPILATION_MODE = wholemodule;
				SWIFT_OPTIMIZATION_LEVEL = "-O";
				VALIDATE_PRODUCT = YES;
			};
			name = Release;
		};
		CD24B5C7297F7D230030259A /* Debug */ = {
			isa = XCBuildConfiguration;
			buildSettings = {
				ASSETCATALOG_COMPILER_APPICON_NAME = AppIcon;
				ASSETCATALOG_COMPILER_GLOBAL_ACCENT_COLOR_NAME = AccentColor;
				CODE_SIGN_STYLE = Automatic;
				CURRENT_PROJECT_VERSION = 1;
				GENERATE_INFOPLIST_FILE = YES;
				INFOPLIST_FILE = DigimonPedia/SupportingFiles/Info.plist;
				INFOPLIST_KEY_UIApplicationSupportsIndirectInputEvents = YES;
				INFOPLIST_KEY_UILaunchStoryboardName = DigimonPedia/SupportingFiles/LaunchScreen.storyboard;
				INFOPLIST_KEY_UISupportedInterfaceOrientations_iPad = "UIInterfaceOrientationPortrait UIInterfaceOrientationPortraitUpsideDown UIInterfaceOrientationLandscapeLeft UIInterfaceOrientationLandscapeRight";
				INFOPLIST_KEY_UISupportedInterfaceOrientations_iPhone = "UIInterfaceOrientationPortrait UIInterfaceOrientationLandscapeLeft UIInterfaceOrientationLandscapeRight";
				LD_RUNPATH_SEARCH_PATHS = (
					"$(inherited)",
					"@executable_path/Frameworks",
				);
				MARKETING_VERSION = 1.0;
				PRODUCT_BUNDLE_IDENTIFIER = com.msft.frakcool.DigimonPedia;
				PRODUCT_NAME = "$(TARGET_NAME)";
				SWIFT_EMIT_LOC_STRINGS = YES;
				SWIFT_VERSION = 5.0;
				TARGETED_DEVICE_FAMILY = "1,2";
			};
			name = Debug;
		};
		CD24B5C8297F7D230030259A /* Release */ = {
			isa = XCBuildConfiguration;
			buildSettings = {
				ASSETCATALOG_COMPILER_APPICON_NAME = AppIcon;
				ASSETCATALOG_COMPILER_GLOBAL_ACCENT_COLOR_NAME = AccentColor;
				CODE_SIGN_STYLE = Automatic;
				CURRENT_PROJECT_VERSION = 1;
				GENERATE_INFOPLIST_FILE = YES;
				INFOPLIST_FILE = DigimonPedia/SupportingFiles/Info.plist;
				INFOPLIST_KEY_UIApplicationSupportsIndirectInputEvents = YES;
				INFOPLIST_KEY_UISupportedInterfaceOrientations_iPad = "UIInterfaceOrientationPortrait UIInterfaceOrientationPortraitUpsideDown UIInterfaceOrientationLandscapeLeft UIInterfaceOrientationLandscapeRight";
				INFOPLIST_KEY_UISupportedInterfaceOrientations_iPhone = "UIInterfaceOrientationPortrait UIInterfaceOrientationLandscapeLeft UIInterfaceOrientationLandscapeRight";
				LD_RUNPATH_SEARCH_PATHS = (
					"$(inherited)",
					"@executable_path/Frameworks",
				);
				MARKETING_VERSION = 1.0;
				PRODUCT_BUNDLE_IDENTIFIER = com.msft.frakcool.DigimonPedia;
				PRODUCT_NAME = "$(TARGET_NAME)";
				SWIFT_EMIT_LOC_STRINGS = YES;
				SWIFT_VERSION = 5.0;
				TARGETED_DEVICE_FAMILY = "1,2";
			};
			name = Release;
		};
/* End XCBuildConfiguration section */

/* Begin XCConfigurationList section */
		CD24B5AD297F7D210030259A /* Build configuration list for PBXProject "DigimonPedia" */ = {
			isa = XCConfigurationList;
			buildConfigurations = (
				CD24B5C4297F7D230030259A /* Debug */,
				CD24B5C5297F7D230030259A /* Release */,
			);
			defaultConfigurationIsVisible = 0;
			defaultConfigurationName = Release;
		};
		CD24B5C6297F7D230030259A /* Build configuration list for PBXNativeTarget "DigimonPedia" */ = {
			isa = XCConfigurationList;
			buildConfigurations = (
				CD24B5C7297F7D230030259A /* Debug */,
				CD24B5C8297F7D230030259A /* Release */,
			);
			defaultConfigurationIsVisible = 0;
			defaultConfigurationName = Release;
		};
/* End XCConfigurationList section */
	};
	rootObject = CD24B5AA297F7D210030259A /* Project object */;
}
